
Microsoft Visual Studio Solution File, Format Version 12.00
# Visual Studio 14
VisualStudioVersion = 14.0.25123.0
MinimumVisualStudioVersion = 10.0.40219.1
Project("{FAE04EC0-301F-11D3-BF4B-00C04F79EFBC}") = "Loki.Core", "Loki.Core\Loki.Core.csproj", "{96B7D521-1224-4732-B419-A92922C895AD}"
EndProject
Project("{FAE04EC0-301F-11D3-BF4B-00C04F79EFBC}") = "Loki.UI.Win", "Loki.UI.Win\Loki.UI.Win.csproj", "{72CCBF24-2DD8-40F0-97EF-C48248A58E23}"
EndProject
Project("{FAE04EC0-301F-11D3-BF4B-00C04F79EFBC}") = "Loki.UI.Wpf", "Loki.UI.Wpf\Loki.UI.Wpf.csproj", "{D2C5C4D0-606D-44E2-ADB6-A08142177356}"
EndProject
Project("{FAE04EC0-301F-11D3-BF4B-00C04F79EFBC}") = "Loki.UI.Test", "Loki.UI.Test\Loki.UI.Test.csproj", "{D4D7B5E0-582B-44C9-88C6-78223DA307E4}"
EndProject
Project("{FAE04EC0-301F-11D3-BF4B-00C04F79EFBC}") = "Loki.UI.Win.Test", "Loki.UI.Win.Test\Loki.UI.Win.Test.csproj", "{838DB9C0-51CA-4B3A-B533-F18CD8047991}"
EndProject
Project("{FAE04EC0-301F-11D3-BF4B-00C04F79EFBC}") = "Loki.UI.Wpf.Test", "Loki.UI.Wpf.Test\Loki.UI.Wpf.Test.csproj", "{24AEFB23-DA6C-4582-AB3D-39BE820337A1}"
EndProject
Project("{FAE04EC0-301F-11D3-BF4B-00C04F79EFBC}") = "Loki.Castle", "Loki.Castle\Loki.Castle.csproj", "{E19E825C-45B0-4F86-8827-8B3F2B3C6D28}"
EndProject
Project("{2150E333-8FDC-42A3-9474-1A3956D46DE8}") = "Tests", "Tests", "{4B8A9CE6-52A4-46F5-AF0D-614A1D9C8043}"
EndProject
Project("{FAE04EC0-301F-11D3-BF4B-00C04F79EFBC}") = "Loki.Core.Tests", "Loki.Core.Tests\Loki.Core.Tests.csproj", "{6D42E1ED-C1E6-4701-B1CA-A7D66B8FCF7B}"
EndProject
Project("{FAE04EC0-301F-11D3-BF4B-00C04F79EFBC}") = "Loki.UI.Wpf.DevExpress", "Loki.UI.Wpf.DevExpress\Loki.UI.Wpf.DevExpress.csproj", "{D3734637-51A4-4449-A3CC-872AA145AFF9}"
EndProject
Project("{FAE04EC0-301F-11D3-BF4B-00C04F79EFBC}") = "Loki.UI.Wpf.Infragistics", "Loki.UI.Wpf.Infragistics\Loki.UI.Wpf.Infragistics.csproj", "{E781EC0B-9125-4BF9-AB4E-0DFB514C67CD}"
EndProject
Project("{2150E333-8FDC-42A3-9474-1A3956D46DE8}") = "Solution Items", "Solution Items", "{3C602B8E-2055-4324-BF84-263234DF8B42}"
	ProjectSection(SolutionItems) = preProject
		Common.Targets = Common.Targets
		GlobalAssemblyInfo.cs = GlobalAssemblyInfo.cs
	EndProjectSection
EndProject
Project("{D954291E-2A0B-460D-934E-DC6B0785DB48}") = "Loki.UI.Shared", "Loki.UI.Shared\Loki.UI.Shared.shproj", "{4E83E040-7DED-4A45-B5D7-818E29657959}"
EndProject
Project("{D954291E-2A0B-460D-934E-DC6B0785DB48}") = "Loki.UI.Wpf.Shared", "Loki.UI.Wpf.Shared\Loki.UI.Wpf.Shared.shproj", "{037DB863-DD52-4503-8CB0-CB20C0B2A6B4}"
EndProject
Project("{2150E333-8FDC-42A3-9474-1A3956D46DE8}") = "Plugins", "Plugins", "{8C02D3B7-D62A-4181-843A-368241EF9191}"
EndProject
Project("{2150E333-8FDC-42A3-9474-1A3956D46DE8}") = "WPF", "WPF", "{74D30491-8049-45C9-8B40-0545BD352AB4}"
EndProject
Project("{2150E333-8FDC-42A3-9474-1A3956D46DE8}") = "Winform", "Winform", "{8F99068A-0596-4DCC-9786-94C49B27BD98}"
EndProject
Project("{D954291E-2A0B-460D-934E-DC6B0785DB48}") = "Loki.Core.Shared", "Loki.Core.Shared\Loki.Core.Shared.shproj", "{2CEB50CB-9A18-4522-9CE0-81D9521EA4B6}"
EndProject
Project("{FAE04EC0-301F-11D3-BF4B-00C04F79EFBC}") = "Loki.Core.Universal", "Loki.Core.Universal\Loki.Core.Universal.csproj", "{CFDD9BD2-4B04-4269-A1D4-5CFB2769AD8B}"
EndProject
Project("{2150E333-8FDC-42A3-9474-1A3956D46DE8}") = "Core", "Core", "{CB926A0E-B969-420F-A851-76071939284A}"
EndProject
Global
	GlobalSection(SharedMSBuildProjectFiles) = preSolution
		Loki.UI.Shared\Loki.UI.Shared.projitems*{4e83e040-7ded-4a45-b5d7-818e29657959}*SharedItemsImports = 13
		Loki.Core.Shared\Loki.Core.Shared.projitems*{cfdd9bd2-4b04-4269-a1d4-5cfb2769ad8b}*SharedItemsImports = 4
		Loki.UI.Wpf.Shared\Loki.UI.Wpf.Shared.projitems*{037db863-dd52-4503-8cb0-cb20c0b2a6b4}*SharedItemsImports = 13
		Loki.Core.Shared\Loki.Core.Shared.projitems*{96b7d521-1224-4732-b419-a92922c895ad}*SharedItemsImports = 4
		Loki.Core.Shared\Loki.Core.Shared.projitems*{2ceb50cb-9a18-4522-9ce0-81d9521ea4b6}*SharedItemsImports = 13
		Loki.UI.Shared\Loki.UI.Shared.projitems*{e781ec0b-9125-4bf9-ab4e-0dfb514c67cd}*SharedItemsImports = 4
		Loki.UI.Wpf.Shared\Loki.UI.Wpf.Shared.projitems*{e781ec0b-9125-4bf9-ab4e-0dfb514c67cd}*SharedItemsImports = 4
	EndGlobalSection
	GlobalSection(SolutionConfigurationPlatforms) = preSolution
		Debug|Any CPU = Debug|Any CPU
		Debug|ARM = Debug|ARM
		Debug|x64 = Debug|x64
		Debug|x86 = Debug|x86
		Quality|Any CPU = Quality|Any CPU
		Quality|ARM = Quality|ARM
		Quality|x64 = Quality|x64
		Quality|x86 = Quality|x86
		Release|Any CPU = Release|Any CPU
		Release|ARM = Release|ARM
		Release|x64 = Release|x64
		Release|x86 = Release|x86
	EndGlobalSection
	GlobalSection(ProjectConfigurationPlatforms) = postSolution
		{96B7D521-1224-4732-B419-A92922C895AD}.Debug|Any CPU.ActiveCfg = Debug|Any CPU
		{96B7D521-1224-4732-B419-A92922C895AD}.Debug|Any CPU.Build.0 = Debug|Any CPU
		{96B7D521-1224-4732-B419-A92922C895AD}.Debug|ARM.ActiveCfg = Debug|Any CPU
		{96B7D521-1224-4732-B419-A92922C895AD}.Debug|ARM.Build.0 = Debug|Any CPU
		{96B7D521-1224-4732-B419-A92922C895AD}.Debug|x64.ActiveCfg = Debug|Any CPU
		{96B7D521-1224-4732-B419-A92922C895AD}.Debug|x64.Build.0 = Debug|Any CPU
		{96B7D521-1224-4732-B419-A92922C895AD}.Debug|x86.ActiveCfg = Debug|Any CPU
		{96B7D521-1224-4732-B419-A92922C895AD}.Debug|x86.Build.0 = Debug|Any CPU
		{96B7D521-1224-4732-B419-A92922C895AD}.Quality|Any CPU.ActiveCfg = Quality|Any CPU
		{96B7D521-1224-4732-B419-A92922C895AD}.Quality|Any CPU.Build.0 = Quality|Any CPU
		{96B7D521-1224-4732-B419-A92922C895AD}.Quality|ARM.ActiveCfg = Quality|Any CPU
		{96B7D521-1224-4732-B419-A92922C895AD}.Quality|ARM.Build.0 = Quality|Any CPU
		{96B7D521-1224-4732-B419-A92922C895AD}.Quality|x64.ActiveCfg = Quality|Any CPU
		{96B7D521-1224-4732-B419-A92922C895AD}.Quality|x64.Build.0 = Quality|Any CPU
		{96B7D521-1224-4732-B419-A92922C895AD}.Quality|x86.ActiveCfg = Quality|Any CPU
		{96B7D521-1224-4732-B419-A92922C895AD}.Quality|x86.Build.0 = Quality|Any CPU
		{96B7D521-1224-4732-B419-A92922C895AD}.Release|Any CPU.ActiveCfg = Release|Any CPU
		{96B7D521-1224-4732-B419-A92922C895AD}.Release|Any CPU.Build.0 = Release|Any CPU
		{96B7D521-1224-4732-B419-A92922C895AD}.Release|ARM.ActiveCfg = Release|Any CPU
		{96B7D521-1224-4732-B419-A92922C895AD}.Release|ARM.Build.0 = Release|Any CPU
		{96B7D521-1224-4732-B419-A92922C895AD}.Release|x64.ActiveCfg = Release|Any CPU
		{96B7D521-1224-4732-B419-A92922C895AD}.Release|x64.Build.0 = Release|Any CPU
		{96B7D521-1224-4732-B419-A92922C895AD}.Release|x86.ActiveCfg = Release|Any CPU
		{96B7D521-1224-4732-B419-A92922C895AD}.Release|x86.Build.0 = Release|Any CPU
		{72CCBF24-2DD8-40F0-97EF-C48248A58E23}.Debug|Any CPU.ActiveCfg = Debug|Any CPU
		{72CCBF24-2DD8-40F0-97EF-C48248A58E23}.Debug|Any CPU.Build.0 = Debug|Any CPU
		{72CCBF24-2DD8-40F0-97EF-C48248A58E23}.Debug|ARM.ActiveCfg = Debug|Any CPU
		{72CCBF24-2DD8-40F0-97EF-C48248A58E23}.Debug|ARM.Build.0 = Debug|Any CPU
		{72CCBF24-2DD8-40F0-97EF-C48248A58E23}.Debug|x64.ActiveCfg = Debug|Any CPU
		{72CCBF24-2DD8-40F0-97EF-C48248A58E23}.Debug|x64.Build.0 = Debug|Any CPU
		{72CCBF24-2DD8-40F0-97EF-C48248A58E23}.Debug|x86.ActiveCfg = Debug|Any CPU
		{72CCBF24-2DD8-40F0-97EF-C48248A58E23}.Debug|x86.Build.0 = Debug|Any CPU
		{72CCBF24-2DD8-40F0-97EF-C48248A58E23}.Quality|Any CPU.ActiveCfg = Quality|Any CPU
		{72CCBF24-2DD8-40F0-97EF-C48248A58E23}.Quality|Any CPU.Build.0 = Quality|Any CPU
		{72CCBF24-2DD8-40F0-97EF-C48248A58E23}.Quality|ARM.ActiveCfg = Quality|Any CPU
		{72CCBF24-2DD8-40F0-97EF-C48248A58E23}.Quality|ARM.Build.0 = Quality|Any CPU
		{72CCBF24-2DD8-40F0-97EF-C48248A58E23}.Quality|x64.ActiveCfg = Quality|Any CPU
		{72CCBF24-2DD8-40F0-97EF-C48248A58E23}.Quality|x64.Build.0 = Quality|Any CPU
		{72CCBF24-2DD8-40F0-97EF-C48248A58E23}.Quality|x86.ActiveCfg = Quality|Any CPU
		{72CCBF24-2DD8-40F0-97EF-C48248A58E23}.Quality|x86.Build.0 = Quality|Any CPU
		{72CCBF24-2DD8-40F0-97EF-C48248A58E23}.Release|Any CPU.ActiveCfg = Release|Any CPU
		{72CCBF24-2DD8-40F0-97EF-C48248A58E23}.Release|Any CPU.Build.0 = Release|Any CPU
		{72CCBF24-2DD8-40F0-97EF-C48248A58E23}.Release|ARM.ActiveCfg = Release|Any CPU
		{72CCBF24-2DD8-40F0-97EF-C48248A58E23}.Release|ARM.Build.0 = Release|Any CPU
		{72CCBF24-2DD8-40F0-97EF-C48248A58E23}.Release|x64.ActiveCfg = Release|Any CPU
		{72CCBF24-2DD8-40F0-97EF-C48248A58E23}.Release|x64.Build.0 = Release|Any CPU
		{72CCBF24-2DD8-40F0-97EF-C48248A58E23}.Release|x86.ActiveCfg = Release|Any CPU
		{72CCBF24-2DD8-40F0-97EF-C48248A58E23}.Release|x86.Build.0 = Release|Any CPU
		{D2C5C4D0-606D-44E2-ADB6-A08142177356}.Debug|Any CPU.ActiveCfg = Debug|Any CPU
		{D2C5C4D0-606D-44E2-ADB6-A08142177356}.Debug|Any CPU.Build.0 = Debug|Any CPU
		{D2C5C4D0-606D-44E2-ADB6-A08142177356}.Debug|ARM.ActiveCfg = Debug|Any CPU
		{D2C5C4D0-606D-44E2-ADB6-A08142177356}.Debug|ARM.Build.0 = Debug|Any CPU
		{D2C5C4D0-606D-44E2-ADB6-A08142177356}.Debug|x64.ActiveCfg = Debug|Any CPU
		{D2C5C4D0-606D-44E2-ADB6-A08142177356}.Debug|x64.Build.0 = Debug|Any CPU
		{D2C5C4D0-606D-44E2-ADB6-A08142177356}.Debug|x86.ActiveCfg = Debug|Any CPU
		{D2C5C4D0-606D-44E2-ADB6-A08142177356}.Debug|x86.Build.0 = Debug|Any CPU
		{D2C5C4D0-606D-44E2-ADB6-A08142177356}.Quality|Any CPU.ActiveCfg = Quality|Any CPU
		{D2C5C4D0-606D-44E2-ADB6-A08142177356}.Quality|Any CPU.Build.0 = Quality|Any CPU
		{D2C5C4D0-606D-44E2-ADB6-A08142177356}.Quality|ARM.ActiveCfg = Quality|Any CPU
		{D2C5C4D0-606D-44E2-ADB6-A08142177356}.Quality|ARM.Build.0 = Quality|Any CPU
		{D2C5C4D0-606D-44E2-ADB6-A08142177356}.Quality|x64.ActiveCfg = Quality|Any CPU
		{D2C5C4D0-606D-44E2-ADB6-A08142177356}.Quality|x64.Build.0 = Quality|Any CPU
		{D2C5C4D0-606D-44E2-ADB6-A08142177356}.Quality|x86.ActiveCfg = Quality|Any CPU
		{D2C5C4D0-606D-44E2-ADB6-A08142177356}.Quality|x86.Build.0 = Quality|Any CPU
		{D2C5C4D0-606D-44E2-ADB6-A08142177356}.Release|Any CPU.ActiveCfg = Release|Any CPU
		{D2C5C4D0-606D-44E2-ADB6-A08142177356}.Release|Any CPU.Build.0 = Release|Any CPU
		{D2C5C4D0-606D-44E2-ADB6-A08142177356}.Release|ARM.ActiveCfg = Release|Any CPU
		{D2C5C4D0-606D-44E2-ADB6-A08142177356}.Release|ARM.Build.0 = Release|Any CPU
		{D2C5C4D0-606D-44E2-ADB6-A08142177356}.Release|x64.ActiveCfg = Release|Any CPU
		{D2C5C4D0-606D-44E2-ADB6-A08142177356}.Release|x64.Build.0 = Release|Any CPU
		{D2C5C4D0-606D-44E2-ADB6-A08142177356}.Release|x86.ActiveCfg = Release|Any CPU
		{D2C5C4D0-606D-44E2-ADB6-A08142177356}.Release|x86.Build.0 = Release|Any CPU
		{D4D7B5E0-582B-44C9-88C6-78223DA307E4}.Debug|Any CPU.ActiveCfg = Debug|Any CPU
		{D4D7B5E0-582B-44C9-88C6-78223DA307E4}.Debug|ARM.ActiveCfg = Debug|Any CPU
		{D4D7B5E0-582B-44C9-88C6-78223DA307E4}.Debug|ARM.Build.0 = Debug|Any CPU
		{D4D7B5E0-582B-44C9-88C6-78223DA307E4}.Debug|x64.ActiveCfg = Debug|Any CPU
		{D4D7B5E0-582B-44C9-88C6-78223DA307E4}.Debug|x64.Build.0 = Debug|Any CPU
		{D4D7B5E0-582B-44C9-88C6-78223DA307E4}.Debug|x86.ActiveCfg = Debug|Any CPU
		{D4D7B5E0-582B-44C9-88C6-78223DA307E4}.Debug|x86.Build.0 = Debug|Any CPU
		{D4D7B5E0-582B-44C9-88C6-78223DA307E4}.Quality|Any CPU.ActiveCfg = Quality|Any CPU
		{D4D7B5E0-582B-44C9-88C6-78223DA307E4}.Quality|ARM.ActiveCfg = Quality|Any CPU
		{D4D7B5E0-582B-44C9-88C6-78223DA307E4}.Quality|ARM.Build.0 = Quality|Any CPU
		{D4D7B5E0-582B-44C9-88C6-78223DA307E4}.Quality|x64.ActiveCfg = Quality|Any CPU
		{D4D7B5E0-582B-44C9-88C6-78223DA307E4}.Quality|x64.Build.0 = Quality|Any CPU
		{D4D7B5E0-582B-44C9-88C6-78223DA307E4}.Quality|x86.ActiveCfg = Quality|Any CPU
		{D4D7B5E0-582B-44C9-88C6-78223DA307E4}.Quality|x86.Build.0 = Quality|Any CPU
		{D4D7B5E0-582B-44C9-88C6-78223DA307E4}.Release|Any CPU.ActiveCfg = Release|Any CPU
		{D4D7B5E0-582B-44C9-88C6-78223DA307E4}.Release|ARM.ActiveCfg = Release|Any CPU
		{D4D7B5E0-582B-44C9-88C6-78223DA307E4}.Release|ARM.Build.0 = Release|Any CPU
		{D4D7B5E0-582B-44C9-88C6-78223DA307E4}.Release|x64.ActiveCfg = Release|Any CPU
		{D4D7B5E0-582B-44C9-88C6-78223DA307E4}.Release|x64.Build.0 = Release|Any CPU
		{D4D7B5E0-582B-44C9-88C6-78223DA307E4}.Release|x86.ActiveCfg = Release|Any CPU
		{D4D7B5E0-582B-44C9-88C6-78223DA307E4}.Release|x86.Build.0 = Release|Any CPU
		{838DB9C0-51CA-4B3A-B533-F18CD8047991}.Debug|Any CPU.ActiveCfg = Debug|Any CPU
		{838DB9C0-51CA-4B3A-B533-F18CD8047991}.Debug|ARM.ActiveCfg = Debug|Any CPU
		{838DB9C0-51CA-4B3A-B533-F18CD8047991}.Debug|ARM.Build.0 = Debug|Any CPU
		{838DB9C0-51CA-4B3A-B533-F18CD8047991}.Debug|x64.ActiveCfg = Debug|Any CPU
		{838DB9C0-51CA-4B3A-B533-F18CD8047991}.Debug|x64.Build.0 = Debug|Any CPU
		{838DB9C0-51CA-4B3A-B533-F18CD8047991}.Debug|x86.ActiveCfg = Debug|Any CPU
		{838DB9C0-51CA-4B3A-B533-F18CD8047991}.Debug|x86.Build.0 = Debug|Any CPU
		{838DB9C0-51CA-4B3A-B533-F18CD8047991}.Quality|Any CPU.ActiveCfg = Quality|Any CPU
		{838DB9C0-51CA-4B3A-B533-F18CD8047991}.Quality|ARM.ActiveCfg = Quality|Any CPU
		{838DB9C0-51CA-4B3A-B533-F18CD8047991}.Quality|ARM.Build.0 = Quality|Any CPU
		{838DB9C0-51CA-4B3A-B533-F18CD8047991}.Quality|x64.ActiveCfg = Quality|Any CPU
		{838DB9C0-51CA-4B3A-B533-F18CD8047991}.Quality|x64.Build.0 = Quality|Any CPU
		{838DB9C0-51CA-4B3A-B533-F18CD8047991}.Quality|x86.ActiveCfg = Quality|Any CPU
		{838DB9C0-51CA-4B3A-B533-F18CD8047991}.Quality|x86.Build.0 = Quality|Any CPU
		{838DB9C0-51CA-4B3A-B533-F18CD8047991}.Release|Any CPU.ActiveCfg = Release|Any CPU
		{838DB9C0-51CA-4B3A-B533-F18CD8047991}.Release|ARM.ActiveCfg = Release|Any CPU
		{838DB9C0-51CA-4B3A-B533-F18CD8047991}.Release|ARM.Build.0 = Release|Any CPU
		{838DB9C0-51CA-4B3A-B533-F18CD8047991}.Release|x64.ActiveCfg = Release|Any CPU
		{838DB9C0-51CA-4B3A-B533-F18CD8047991}.Release|x64.Build.0 = Release|Any CPU
		{838DB9C0-51CA-4B3A-B533-F18CD8047991}.Release|x86.ActiveCfg = Release|Any CPU
		{838DB9C0-51CA-4B3A-B533-F18CD8047991}.Release|x86.Build.0 = Release|Any CPU
		{24AEFB23-DA6C-4582-AB3D-39BE820337A1}.Debug|Any CPU.ActiveCfg = Debug|Any CPU
		{24AEFB23-DA6C-4582-AB3D-39BE820337A1}.Debug|ARM.ActiveCfg = Debug|Any CPU
		{24AEFB23-DA6C-4582-AB3D-39BE820337A1}.Debug|ARM.Build.0 = Debug|Any CPU
		{24AEFB23-DA6C-4582-AB3D-39BE820337A1}.Debug|x64.ActiveCfg = Debug|Any CPU
		{24AEFB23-DA6C-4582-AB3D-39BE820337A1}.Debug|x64.Build.0 = Debug|Any CPU
		{24AEFB23-DA6C-4582-AB3D-39BE820337A1}.Debug|x86.ActiveCfg = Debug|Any CPU
		{24AEFB23-DA6C-4582-AB3D-39BE820337A1}.Debug|x86.Build.0 = Debug|Any CPU
		{24AEFB23-DA6C-4582-AB3D-39BE820337A1}.Quality|Any CPU.ActiveCfg = Quality|Any CPU
		{24AEFB23-DA6C-4582-AB3D-39BE820337A1}.Quality|ARM.ActiveCfg = Quality|Any CPU
		{24AEFB23-DA6C-4582-AB3D-39BE820337A1}.Quality|ARM.Build.0 = Quality|Any CPU
		{24AEFB23-DA6C-4582-AB3D-39BE820337A1}.Quality|x64.ActiveCfg = Quality|Any CPU
		{24AEFB23-DA6C-4582-AB3D-39BE820337A1}.Quality|x64.Build.0 = Quality|Any CPU
		{24AEFB23-DA6C-4582-AB3D-39BE820337A1}.Quality|x86.ActiveCfg = Quality|Any CPU
		{24AEFB23-DA6C-4582-AB3D-39BE820337A1}.Quality|x86.Build.0 = Quality|Any CPU
		{24AEFB23-DA6C-4582-AB3D-39BE820337A1}.Release|Any CPU.ActiveCfg = Release|Any CPU
		{24AEFB23-DA6C-4582-AB3D-39BE820337A1}.Release|ARM.ActiveCfg = Release|Any CPU
		{24AEFB23-DA6C-4582-AB3D-39BE820337A1}.Release|ARM.Build.0 = Release|Any CPU
		{24AEFB23-DA6C-4582-AB3D-39BE820337A1}.Release|x64.ActiveCfg = Release|Any CPU
		{24AEFB23-DA6C-4582-AB3D-39BE820337A1}.Release|x64.Build.0 = Release|Any CPU
		{24AEFB23-DA6C-4582-AB3D-39BE820337A1}.Release|x86.ActiveCfg = Release|Any CPU
		{24AEFB23-DA6C-4582-AB3D-39BE820337A1}.Release|x86.Build.0 = Release|Any CPU
		{E19E825C-45B0-4F86-8827-8B3F2B3C6D28}.Debug|Any CPU.ActiveCfg = Debug|Any CPU
		{E19E825C-45B0-4F86-8827-8B3F2B3C6D28}.Debug|Any CPU.Build.0 = Debug|Any CPU
		{E19E825C-45B0-4F86-8827-8B3F2B3C6D28}.Debug|ARM.ActiveCfg = Debug|Any CPU
		{E19E825C-45B0-4F86-8827-8B3F2B3C6D28}.Debug|ARM.Build.0 = Debug|Any CPU
		{E19E825C-45B0-4F86-8827-8B3F2B3C6D28}.Debug|x64.ActiveCfg = Debug|Any CPU
		{E19E825C-45B0-4F86-8827-8B3F2B3C6D28}.Debug|x64.Build.0 = Debug|Any CPU
		{E19E825C-45B0-4F86-8827-8B3F2B3C6D28}.Debug|x86.ActiveCfg = Debug|Any CPU
		{E19E825C-45B0-4F86-8827-8B3F2B3C6D28}.Debug|x86.Build.0 = Debug|Any CPU
		{E19E825C-45B0-4F86-8827-8B3F2B3C6D28}.Quality|Any CPU.ActiveCfg = Quality|Any CPU
		{E19E825C-45B0-4F86-8827-8B3F2B3C6D28}.Quality|Any CPU.Build.0 = Quality|Any CPU
		{E19E825C-45B0-4F86-8827-8B3F2B3C6D28}.Quality|ARM.ActiveCfg = Quality|Any CPU
		{E19E825C-45B0-4F86-8827-8B3F2B3C6D28}.Quality|ARM.Build.0 = Quality|Any CPU
		{E19E825C-45B0-4F86-8827-8B3F2B3C6D28}.Quality|x64.ActiveCfg = Quality|Any CPU
		{E19E825C-45B0-4F86-8827-8B3F2B3C6D28}.Quality|x64.Build.0 = Quality|Any CPU
		{E19E825C-45B0-4F86-8827-8B3F2B3C6D28}.Quality|x86.ActiveCfg = Quality|Any CPU
		{E19E825C-45B0-4F86-8827-8B3F2B3C6D28}.Quality|x86.Build.0 = Quality|Any CPU
		{E19E825C-45B0-4F86-8827-8B3F2B3C6D28}.Release|Any CPU.ActiveCfg = Release|Any CPU
		{E19E825C-45B0-4F86-8827-8B3F2B3C6D28}.Release|Any CPU.Build.0 = Release|Any CPU
		{E19E825C-45B0-4F86-8827-8B3F2B3C6D28}.Release|ARM.ActiveCfg = Release|Any CPU
		{E19E825C-45B0-4F86-8827-8B3F2B3C6D28}.Release|ARM.Build.0 = Release|Any CPU
		{E19E825C-45B0-4F86-8827-8B3F2B3C6D28}.Release|x64.ActiveCfg = Release|Any CPU
		{E19E825C-45B0-4F86-8827-8B3F2B3C6D28}.Release|x64.Build.0 = Release|Any CPU
		{E19E825C-45B0-4F86-8827-8B3F2B3C6D28}.Release|x86.ActiveCfg = Release|Any CPU
		{E19E825C-45B0-4F86-8827-8B3F2B3C6D28}.Release|x86.Build.0 = Release|Any CPU
		{6D42E1ED-C1E6-4701-B1CA-A7D66B8FCF7B}.Debug|Any CPU.ActiveCfg = Debug|Any CPU
		{6D42E1ED-C1E6-4701-B1CA-A7D66B8FCF7B}.Debug|Any CPU.Build.0 = Debug|Any CPU
		{6D42E1ED-C1E6-4701-B1CA-A7D66B8FCF7B}.Debug|ARM.ActiveCfg = Debug|Any CPU
		{6D42E1ED-C1E6-4701-B1CA-A7D66B8FCF7B}.Debug|ARM.Build.0 = Debug|Any CPU
		{6D42E1ED-C1E6-4701-B1CA-A7D66B8FCF7B}.Debug|x64.ActiveCfg = Debug|Any CPU
		{6D42E1ED-C1E6-4701-B1CA-A7D66B8FCF7B}.Debug|x64.Build.0 = Debug|Any CPU
		{6D42E1ED-C1E6-4701-B1CA-A7D66B8FCF7B}.Debug|x86.ActiveCfg = Debug|Any CPU
		{6D42E1ED-C1E6-4701-B1CA-A7D66B8FCF7B}.Debug|x86.Build.0 = Debug|Any CPU
		{6D42E1ED-C1E6-4701-B1CA-A7D66B8FCF7B}.Quality|Any CPU.ActiveCfg = Release|Any CPU
		{6D42E1ED-C1E6-4701-B1CA-A7D66B8FCF7B}.Quality|Any CPU.Build.0 = Release|Any CPU
		{6D42E1ED-C1E6-4701-B1CA-A7D66B8FCF7B}.Quality|ARM.ActiveCfg = Quality|Any CPU
		{6D42E1ED-C1E6-4701-B1CA-A7D66B8FCF7B}.Quality|ARM.Build.0 = Quality|Any CPU
		{6D42E1ED-C1E6-4701-B1CA-A7D66B8FCF7B}.Quality|x64.ActiveCfg = Quality|Any CPU
		{6D42E1ED-C1E6-4701-B1CA-A7D66B8FCF7B}.Quality|x64.Build.0 = Quality|Any CPU
		{6D42E1ED-C1E6-4701-B1CA-A7D66B8FCF7B}.Quality|x86.ActiveCfg = Quality|Any CPU
		{6D42E1ED-C1E6-4701-B1CA-A7D66B8FCF7B}.Quality|x86.Build.0 = Quality|Any CPU
		{6D42E1ED-C1E6-4701-B1CA-A7D66B8FCF7B}.Release|Any CPU.ActiveCfg = Release|Any CPU
		{6D42E1ED-C1E6-4701-B1CA-A7D66B8FCF7B}.Release|Any CPU.Build.0 = Release|Any CPU
		{6D42E1ED-C1E6-4701-B1CA-A7D66B8FCF7B}.Release|ARM.ActiveCfg = Release|Any CPU
		{6D42E1ED-C1E6-4701-B1CA-A7D66B8FCF7B}.Release|ARM.Build.0 = Release|Any CPU
		{6D42E1ED-C1E6-4701-B1CA-A7D66B8FCF7B}.Release|x64.ActiveCfg = Release|Any CPU
		{6D42E1ED-C1E6-4701-B1CA-A7D66B8FCF7B}.Release|x64.Build.0 = Release|Any CPU
		{6D42E1ED-C1E6-4701-B1CA-A7D66B8FCF7B}.Release|x86.ActiveCfg = Release|Any CPU
		{6D42E1ED-C1E6-4701-B1CA-A7D66B8FCF7B}.Release|x86.Build.0 = Release|Any CPU
		{D3734637-51A4-4449-A3CC-872AA145AFF9}.Debug|Any CPU.ActiveCfg = Debug|Any CPU
		{D3734637-51A4-4449-A3CC-872AA145AFF9}.Debug|Any CPU.Build.0 = Debug|Any CPU
		{D3734637-51A4-4449-A3CC-872AA145AFF9}.Debug|ARM.ActiveCfg = Debug|Any CPU
		{D3734637-51A4-4449-A3CC-872AA145AFF9}.Debug|ARM.Build.0 = Debug|Any CPU
		{D3734637-51A4-4449-A3CC-872AA145AFF9}.Debug|x64.ActiveCfg = Debug|Any CPU
		{D3734637-51A4-4449-A3CC-872AA145AFF9}.Debug|x64.Build.0 = Debug|Any CPU
		{D3734637-51A4-4449-A3CC-872AA145AFF9}.Debug|x86.ActiveCfg = Debug|Any CPU
		{D3734637-51A4-4449-A3CC-872AA145AFF9}.Debug|x86.Build.0 = Debug|Any CPU
		{D3734637-51A4-4449-A3CC-872AA145AFF9}.Quality|Any CPU.ActiveCfg = Release|Any CPU
		{D3734637-51A4-4449-A3CC-872AA145AFF9}.Quality|Any CPU.Build.0 = Release|Any CPU
		{D3734637-51A4-4449-A3CC-872AA145AFF9}.Quality|ARM.ActiveCfg = Quality|Any CPU
		{D3734637-51A4-4449-A3CC-872AA145AFF9}.Quality|ARM.Build.0 = Quality|Any CPU
		{D3734637-51A4-4449-A3CC-872AA145AFF9}.Quality|x64.ActiveCfg = Quality|Any CPU
		{D3734637-51A4-4449-A3CC-872AA145AFF9}.Quality|x64.Build.0 = Quality|Any CPU
		{D3734637-51A4-4449-A3CC-872AA145AFF9}.Quality|x86.ActiveCfg = Quality|Any CPU
		{D3734637-51A4-4449-A3CC-872AA145AFF9}.Quality|x86.Build.0 = Quality|Any CPU
		{D3734637-51A4-4449-A3CC-872AA145AFF9}.Release|Any CPU.ActiveCfg = Release|Any CPU
		{D3734637-51A4-4449-A3CC-872AA145AFF9}.Release|Any CPU.Build.0 = Release|Any CPU
		{D3734637-51A4-4449-A3CC-872AA145AFF9}.Release|ARM.ActiveCfg = Release|Any CPU
		{D3734637-51A4-4449-A3CC-872AA145AFF9}.Release|ARM.Build.0 = Release|Any CPU
		{D3734637-51A4-4449-A3CC-872AA145AFF9}.Release|x64.ActiveCfg = Release|Any CPU
		{D3734637-51A4-4449-A3CC-872AA145AFF9}.Release|x64.Build.0 = Release|Any CPU
		{D3734637-51A4-4449-A3CC-872AA145AFF9}.Release|x86.ActiveCfg = Release|Any CPU
		{D3734637-51A4-4449-A3CC-872AA145AFF9}.Release|x86.Build.0 = Release|Any CPU
		{E781EC0B-9125-4BF9-AB4E-0DFB514C67CD}.Debug|Any CPU.ActiveCfg = Debug|Any CPU
		{E781EC0B-9125-4BF9-AB4E-0DFB514C67CD}.Debug|Any CPU.Build.0 = Debug|Any CPU
		{E781EC0B-9125-4BF9-AB4E-0DFB514C67CD}.Debug|ARM.ActiveCfg = Debug|Any CPU
		{E781EC0B-9125-4BF9-AB4E-0DFB514C67CD}.Debug|ARM.Build.0 = Debug|Any CPU
		{E781EC0B-9125-4BF9-AB4E-0DFB514C67CD}.Debug|x64.ActiveCfg = Debug|Any CPU
		{E781EC0B-9125-4BF9-AB4E-0DFB514C67CD}.Debug|x64.Build.0 = Debug|Any CPU
		{E781EC0B-9125-4BF9-AB4E-0DFB514C67CD}.Debug|x86.ActiveCfg = Debug|Any CPU
		{E781EC0B-9125-4BF9-AB4E-0DFB514C67CD}.Debug|x86.Build.0 = Debug|Any CPU
		{E781EC0B-9125-4BF9-AB4E-0DFB514C67CD}.Quality|Any CPU.ActiveCfg = Release|Any CPU
		{E781EC0B-9125-4BF9-AB4E-0DFB514C67CD}.Quality|Any CPU.Build.0 = Release|Any CPU
		{E781EC0B-9125-4BF9-AB4E-0DFB514C67CD}.Quality|ARM.ActiveCfg = Quality|Any CPU
		{E781EC0B-9125-4BF9-AB4E-0DFB514C67CD}.Quality|ARM.Build.0 = Quality|Any CPU
		{E781EC0B-9125-4BF9-AB4E-0DFB514C67CD}.Quality|x64.ActiveCfg = Quality|Any CPU
		{E781EC0B-9125-4BF9-AB4E-0DFB514C67CD}.Quality|x64.Build.0 = Quality|Any CPU
		{E781EC0B-9125-4BF9-AB4E-0DFB514C67CD}.Quality|x86.ActiveCfg = Quality|Any CPU
		{E781EC0B-9125-4BF9-AB4E-0DFB514C67CD}.Quality|x86.Build.0 = Quality|Any CPU
		{E781EC0B-9125-4BF9-AB4E-0DFB514C67CD}.Release|Any CPU.ActiveCfg = Release|Any CPU
		{E781EC0B-9125-4BF9-AB4E-0DFB514C67CD}.Release|Any CPU.Build.0 = Release|Any CPU
		{E781EC0B-9125-4BF9-AB4E-0DFB514C67CD}.Release|ARM.ActiveCfg = Release|Any CPU
		{E781EC0B-9125-4BF9-AB4E-0DFB514C67CD}.Release|ARM.Build.0 = Release|Any CPU
		{E781EC0B-9125-4BF9-AB4E-0DFB514C67CD}.Release|x64.ActiveCfg = Release|Any CPU
		{E781EC0B-9125-4BF9-AB4E-0DFB514C67CD}.Release|x64.Build.0 = Release|Any CPU
		{E781EC0B-9125-4BF9-AB4E-0DFB514C67CD}.Release|x86.ActiveCfg = Release|Any CPU
		{E781EC0B-9125-4BF9-AB4E-0DFB514C67CD}.Release|x86.Build.0 = Release|Any CPU
		{CFDD9BD2-4B04-4269-A1D4-5CFB2769AD8B}.Debug|Any CPU.ActiveCfg = Debug|Any CPU
		{CFDD9BD2-4B04-4269-A1D4-5CFB2769AD8B}.Debug|Any CPU.Build.0 = Debug|Any CPU
		{CFDD9BD2-4B04-4269-A1D4-5CFB2769AD8B}.Debug|ARM.ActiveCfg = Debug|ARM
		{CFDD9BD2-4B04-4269-A1D4-5CFB2769AD8B}.Debug|ARM.Build.0 = Debug|ARM
		{CFDD9BD2-4B04-4269-A1D4-5CFB2769AD8B}.Debug|x64.ActiveCfg = Debug|x64
		{CFDD9BD2-4B04-4269-A1D4-5CFB2769AD8B}.Debug|x64.Build.0 = Debug|x64
		{CFDD9BD2-4B04-4269-A1D4-5CFB2769AD8B}.Debug|x86.ActiveCfg = Debug|x86
		{CFDD9BD2-4B04-4269-A1D4-5CFB2769AD8B}.Debug|x86.Build.0 = Debug|x86
		{CFDD9BD2-4B04-4269-A1D4-5CFB2769AD8B}.Quality|Any CPU.ActiveCfg = Release|Any CPU
		{CFDD9BD2-4B04-4269-A1D4-5CFB2769AD8B}.Quality|Any CPU.Build.0 = Release|Any CPU
		{CFDD9BD2-4B04-4269-A1D4-5CFB2769AD8B}.Quality|ARM.ActiveCfg = Release|ARM
		{CFDD9BD2-4B04-4269-A1D4-5CFB2769AD8B}.Quality|ARM.Build.0 = Release|ARM
		{CFDD9BD2-4B04-4269-A1D4-5CFB2769AD8B}.Quality|x64.ActiveCfg = Release|x64
		{CFDD9BD2-4B04-4269-A1D4-5CFB2769AD8B}.Quality|x64.Build.0 = Release|x64
		{CFDD9BD2-4B04-4269-A1D4-5CFB2769AD8B}.Quality|x86.ActiveCfg = Release|x86
		{CFDD9BD2-4B04-4269-A1D4-5CFB2769AD8B}.Quality|x86.Build.0 = Release|x86
		{CFDD9BD2-4B04-4269-A1D4-5CFB2769AD8B}.Release|Any CPU.ActiveCfg = Release|Any CPU
		{CFDD9BD2-4B04-4269-A1D4-5CFB2769AD8B}.Release|Any CPU.Build.0 = Release|Any CPU
		{CFDD9BD2-4B04-4269-A1D4-5CFB2769AD8B}.Release|ARM.ActiveCfg = Release|ARM
		{CFDD9BD2-4B04-4269-A1D4-5CFB2769AD8B}.Release|ARM.Build.0 = Release|ARM
		{CFDD9BD2-4B04-4269-A1D4-5CFB2769AD8B}.Release|x64.ActiveCfg = Release|x64
		{CFDD9BD2-4B04-4269-A1D4-5CFB2769AD8B}.Release|x64.Build.0 = Release|x64
		{CFDD9BD2-4B04-4269-A1D4-5CFB2769AD8B}.Release|x86.ActiveCfg = Release|x86
		{CFDD9BD2-4B04-4269-A1D4-5CFB2769AD8B}.Release|x86.Build.0 = Release|x86
	EndGlobalSection
	GlobalSection(SolutionProperties) = preSolution
		HideSolutionNode = FALSE
	EndGlobalSection
	GlobalSection(NestedProjects) = preSolution
		{96B7D521-1224-4732-B419-A92922C895AD} = {CB926A0E-B969-420F-A851-76071939284A}
		{72CCBF24-2DD8-40F0-97EF-C48248A58E23} = {8F99068A-0596-4DCC-9786-94C49B27BD98}
		{D2C5C4D0-606D-44E2-ADB6-A08142177356} = {74D30491-8049-45C9-8B40-0545BD352AB4}
		{D4D7B5E0-582B-44C9-88C6-78223DA307E4} = {4B8A9CE6-52A4-46F5-AF0D-614A1D9C8043}
		{838DB9C0-51CA-4B3A-B533-F18CD8047991} = {4B8A9CE6-52A4-46F5-AF0D-614A1D9C8043}
		{24AEFB23-DA6C-4582-AB3D-39BE820337A1} = {4B8A9CE6-52A4-46F5-AF0D-614A1D9C8043}
		{E19E825C-45B0-4F86-8827-8B3F2B3C6D28} = {8C02D3B7-D62A-4181-843A-368241EF9191}
		{6D42E1ED-C1E6-4701-B1CA-A7D66B8FCF7B} = {4B8A9CE6-52A4-46F5-AF0D-614A1D9C8043}
		{D3734637-51A4-4449-A3CC-872AA145AFF9} = {74D30491-8049-45C9-8B40-0545BD352AB4}
		{E781EC0B-9125-4BF9-AB4E-0DFB514C67CD} = {74D30491-8049-45C9-8B40-0545BD352AB4}
		{037DB863-DD52-4503-8CB0-CB20C0B2A6B4} = {74D30491-8049-45C9-8B40-0545BD352AB4}
		{CFDD9BD2-4B04-4269-A1D4-5CFB2769AD8B} = {CB926A0E-B969-420F-A851-76071939284A}
	EndGlobalSection
EndGlobal
